// !$*UTF8*$!
{
	archiveVersion = 1;
	classes = {
	};
	objectVersion = 54;
	objects = {

/* Begin PBXBuildFile section */
		6A262846FCB30E7CC8B12CB5 /* AndroidMacApp.swift in Sources */ = {isa = PBXBuildFile; fileRef = CBAAAB4DE1E7D0CE22D1A1A0 /* AndroidMacApp.swift */; };
		7E98751573494699636E89D1 /* ContentView.swift in Sources */ = {isa = PBXBuildFile; fileRef = 6C5223D716EB1C0D20CBF9D4 /* ContentView.swift */; };
		A1000001000000000000A101 /* MainView.swift in Sources */ = {isa = PBXBuildFile; fileRef = A1000002000000000000A102 /* MainView.swift */; };
		A1000003000000000000A103 /* AndroidSDKManager.swift in Sources */ = {isa = PBXBuildFile; fileRef = A1000004000000000000A104 /* AndroidSDKManager.swift */; };
		A1000005000000000000A105 /* AVDManagerService.swift in Sources */ = {isa = PBXBuildFile; fileRef = A1000006000000000000A106 /* AVDManagerService.swift */; };
		A1000007000000000000A107 /* EmulatorService.swift in Sources */ = {isa = PBXBuildFile; fileRef = A1000008000000000000A108 /* EmulatorService.swift */; };
		A1000009000000000000A109 /* ProcessRunner.swift in Sources */ = {isa = PBXBuildFile; fileRef = A100000A00000000000A010A /* ProcessRunner.swift */; };
		A100000B00000000000A010B /* AndroidConfig.swift in Sources */ = {isa = PBXBuildFile; fileRef = A100000C00000000000A010C /* AndroidConfig.swift */; };
/* End PBXBuildFile section */

/* Begin PBXFileReference section */
		6C5223D716EB1C0D20CBF9D4 /* ContentView.swift */ = {isa = PBXFileReference; lastKnownFileType = sourcecode.swift; path = ContentView.swift; sourceTree = "<group>"; };
		CBAAAB4DE1E7D0CE22D1A1A0 /* AndroidMacApp.swift */ = {isa = PBXFileReference; lastKnownFileType = sourcecode.swift; path = AndroidMacApp.swift; sourceTree = "<group>"; };
		A1000002000000000000A102 /* MainView.swift */ = {isa = PBXFileReference; lastKnownFileType = sourcecode.swift; path = MainView.swift; sourceTree = "<group>"; };
		A1000004000000000000A104 /* AndroidSDKManager.swift */ = {isa = PBXFileReference; lastKnownFileType = sourcecode.swift; path = AndroidSDKManager.swift; sourceTree = "<group>"; };
		A1000006000000000000A106 /* AVDManagerService.swift */ = {isa = PBXFileReference; lastKnownFileType = sourcecode.swift; path = AVDManagerService.swift; sourceTree = "<group>"; };
		A1000008000000000000A108 /* EmulatorService.swift */ = {isa = PBXFileReference; lastKnownFileType = sourcecode.swift; path = EmulatorService.swift; sourceTree = "<group>"; };
		A100000A00000000000A010A /* ProcessRunner.swift */ = {isa = PBXFileReference; lastKnownFileType = sourcecode.swift; path = ProcessRunner.swift; sourceTree = "<group>"; };
		A100000C00000000000A010C /* AndroidConfig.swift */ = {isa = PBXFileReference; lastKnownFileType = sourcecode.swift; path = AndroidConfig.swift; sourceTree = "<group>"; };
		F287475A8E1F6389BC3A48F5 /* AndroidMac.app */ = {isa = PBXFileReference; explicitFileType = wrapper.application; includeInIndex = 0; path = AndroidMac.app; sourceTree = BUILT_PRODUCTS_DIR; };
/* End PBXFileReference section */

/* Begin PBXGroup section */
		04ED259A319C92009C54B35F /* AndroidMac */ = {
			isa = PBXGroup;
			children = (
				AAA25C15A734CD5D52E96634 /* App */,
				C749834AEB3EDB9DAB28E11C /* Views */,
				A100001000000000000A0110 /* Services */,
				A100001100000000000A0111 /* Utilities */,
			);
			path = AndroidMac;
			sourceTree = "<group>";
		};
		53DF1A2B9CD6D56AE3B80AC3 = {
			isa = PBXGroup;
			children = (
				04ED259A319C92009C54B35F /* AndroidMac */,
				D6842F62DCC1E689FB9B8599 /* Products */,
			);
			sourceTree = "<group>";
		};
		AAA25C15A734CD5D52E96634 /* App */ = {
			isa = PBXGroup;
			children = (
				CBAAAB4DE1E7D0CE22D1A1A0 /* AndroidMacApp.swift */,
			);
			path = App;
			sourceTree = "<group>";
		};
		C749834AEB3EDB9DAB28E11C /* Views */ = {
			isa = PBXGroup;
			children = (
				6C5223D716EB1C0D20CBF9D4 /* ContentView.swift */,
				A1000002000000000000A102 /* MainView.swift */,
			);
			path = Views;
			sourceTree = "<group>";
		};
		A100001000000000000A0110 /* Services */ = {
			isa = PBXGroup;
			children = (
				A1000004000000000000A104 /* AndroidSDKManager.swift */,
				A1000006000000000000A106 /* AVDManagerService.swift */,
				A1000008000000000000A108 /* EmulatorService.swift */,
			);
			path = Services;
			sourceTree = "<group>";
		};
		A100001100000000000A0111 /* Utilities */ = {
			isa = PBXGroup;
			children = (
				A100000A00000000000A010A /* ProcessRunner.swift */,
				A100000C00000000000A010C /* AndroidConfig.swift */,
			);
			path = Utilities;
			sourceTree = "<group>";
		};
		D6842F62DCC1E689FB9B8599 /* Products */ = {
			isa = PBXGroup;
			children = (
				F287475A8E1F6389BC3A48F5 /* AndroidMac.app */,
			);
			name = Products;
			sourceTree = "<group>";
		};
/* End PBXGroup section */

/* Begin PBXNativeTarget section */
		322EA1334A136C00F39D609F /* AndroidMac */ = {
			isa = PBXNativeTarget;
			buildConfigurationList = 118DF4EFA8D88A5DFA0B6007 /* Build configuration list for PBXNativeTarget "AndroidMac" */;
			buildPhases = (
				B99DB6AAFBBF870B595E2347 /* Sources */,
			);
			buildRules = (
			);
			dependencies = (
			);
			name = AndroidMac;
			productName = AndroidMac;
			productReference = F287475A8E1F6389BC3A48F5 /* AndroidMac.app */;
			productType = "com.apple.product-type.application";
		};
/* End PBXNativeTarget section */

/* Begin PBXProject section */
		6E258B89CF0343445891C445 /* Project object */ = {
			isa = PBXProject;
			attributes = {
				BuildIndependentTargetsInParallel = YES;
				LastUpgradeCheck = 1430;
				TargetAttributes = {
					322EA1334A136C00F39D609F = {
						DevelopmentTeam = "";
					};
				};
			};
			buildConfigurationList = BFB6668EA7ECF26CAF311157 /* Build configuration list for PBXProject "AndroidMac" */;
			compatibilityVersion = "Xcode 14.0";
			developmentRegion = en;
			hasScannedForEncodings = 0;
			knownRegions = (
				Base,
				en,
			);
			mainGroup = 53DF1A2B9CD6D56AE3B80AC3;
			projectDirPath = "";
			projectRoot = "";
			targets = (
				322EA1334A136C00F39D609F /* AndroidMac */,
			);
		};
/* End PBXProject section */

/* Begin PBXSourcesBuildPhase section */
		B99DB6AAFBBF870B595E2347 /* Sources */ = {
			isa = PBXSourcesBuildPhase;
			buildActionMask = 2147483647;
			files = (
				6A262846FCB30E7CC8B12CB5 /* AndroidMacApp.swift in Sources */,
				7E98751573494699636E89D1 /* ContentView.swift in Sources */,
				A1000001000000000000A101 /* MainView.swift in Sources */,
				A1000003000000000000A103 /* AndroidSDKManager.swift in Sources */,
				A1000005000000000000A105 /* AVDManagerService.swift in Sources */,
				A1000007000000000000A107 /* EmulatorService.swift in Sources */,
				A1000009000000000000A109 /* ProcessRunner.swift in Sources */,
				A100000B00000000000A010B /* AndroidConfig.swift in Sources */,
			);
			runOnlyForDeploymentPostprocessing = 0;
		};
/* End PBXSourcesBuildPhase section */

/* Begin XCBuildConfiguration section */
		01EBD5DACD8A39AF7FBAA21B /* Debug */ = {
			isa = XCBuildConfiguration;
			buildSettings = {
				ALWAYS_SEARCH_USER_PATHS = NO;
				CLANG_ANALYZER_NONNULL = YES;
				CLANG_ANALYZER_NUMBER_OBJECT_CONVERSION = YES_AGGRESSIVE;
				CLANG_CXX_LANGUAGE_STANDARD = "gnu++14";
				CLANG_CXX_LIBRARY = "libc++";
				CLANG_ENABLE_MODULES = YES;
				CLANG_ENABLE_OBJC_ARC = YES;
				CLANG_ENABLE_OBJC_WEAK = YES;
				CLANG_WARN_BLOCK_CAPTURE_AUTORELEASING = YES;
				CLANG_WARN_BOOL_CONVERSION = YES;
				CLANG_WARN_COMMA = YES;
				CLANG_WARN_CONSTANT_CONVERSION = YES;
				CLANG_WARN_DEPRECATED_OBJC_IMPLEMENTATIONS = YES;
				CLANG_WARN_DIRECT_OBJC_ISA_USAGE = YES_ERROR;
				CLANG_WARN_DOCUMENTATION_COMMENTS = YES;
				CLANG_WARN_EMPTY_BODY = YES;
				CLANG_WARN_ENUM_CONVERSION = YES;
				CLANG_WARN_INFINITE_RECURSION = YES;
				CLANG_WARN_INT_CONVERSION = YES;
				CLANG_WARN_NON_LITERAL_NULL_CONVERSION = YES;
				CLANG_WARN_OBJC_IMPLICIT_RETAIN_SELF = YES;
				CLANG_WARN_OBJC_LITERAL_CONVERSION = YES;
				CLANG_WARN_OBJC_ROOT_CLASS = YES_ERROR;
				CLANG_WARN_QUOTED_INCLUDE_IN_FRAMEWORK_HEADER = YES;
				CLANG_WARN_RANGE_LOOP_ANALYSIS = YES;
				CLANG_WARN_STRICT_PROTOTYPES = YES;
				CLANG_WARN_SUSPICIOUS_MOVE = YES;
				CLANG_WARN_UNGUARDED_AVAILABILITY = YES_AGGRESSIVE;
				CLANG_WARN_UNREACHABLE_CODE = YES;
				CLANG_WARN__DUPLICATE_METHOD_MATCH = YES;
				COPY_PHASE_STRIP = NO;
				DEBUG_INFORMATION_FORMAT = dwarf;
				ENABLE_STRICT_OBJC_MSGSEND = YES;
				ENABLE_TESTABILITY = YES;
				GCC_C_LANGUAGE_STANDARD = gnu11;
				GCC_DYNAMIC_NO_PIC = NO;
				GCC_NO_COMMON_BLOCKS = YES;
				GCC_OPTIMIZATION_LEVEL = 0;
				GCC_PREPROCESSOR_DEFINITIONS = (
					"$(inherited)",
					"DEBUG=1",
				);
				GCC_WARN_64_TO_32_BIT_CONVERSION = YES;
				GCC_WARN_ABOUT_RETURN_TYPE = YES_ERROR;
				GCC_WARN_UNDECLARED_SELECTOR = YES;
				GCC_WARN_UNINITIALIZED_AUTOS = YES_AGGRESSIVE;
				GCC_WARN_UNUSED_FUNCTION = YES;
				GCC_WARN_UNUSED_VARIABLE = YES;
				MTL_ENABLE_DEBUG_INFO = INCLUDE_SOURCE;
				MTL_FAST_MATH = YES;
				ONLY_ACTIVE_ARCH = YES;
				PRODUCT_NAME = "$(TARGET_NAME)";
				SDKROOT = macosx;
				SWIFT_ACTIVE_COMPILATION_CONDITIONS = DEBUG;
				SWIFT_OPTIMIZATION_LEVEL = "-Onone";
				SWIFT_VERSION = 5.0;
			};
			name = Debug;
		};
		9CB87FAFA7646B9CD11E1BCC /* Debug */ = {
			isa = XCBuildConfiguration;
			buildSettings = {
				ASSETCATALOG_COMPILER_APPICON_NAME = AppIcon;
				CODE_SIGN_IDENTITY = "-";
				COMBINE_HIDPI_IMAGES = YES;
				DEVELOPMENT_TEAM = "";
				ENABLE_HARDENED_RUNTIME = YES;
				GENERATE_INFOPLIST_FILE = YES;
				INFOPLIST_KEY_LSApplicationCategoryType = "public.app-category.developer-tools";
				INFOPLIST_KEY_NSHumanReadableCopyright = "© 2026 Antigravity";
				INFOPLIST_KEY_NSPrincipalClass = NSApplication;
				LD_RUNPATH_SEARCH_PATHS = (
					"$(inherited)",
					"@executable_path/../Frameworks",
				);
				MACOSX_DEPLOYMENT_TARGET = 14.0;
				MARKETING_VERSION = 1.1;
				PRODUCT_BUNDLE_IDENTIFIER = com.antigravity.AndroidMac;
				SDKROOT = macosx;
				SWIFT_VERSION = 5.0;
			};
			name = Debug;
		};
		D157FCABA1BCA00215A139C0 /* Release */ = {
			isa = XCBuildConfiguration;
			buildSettings = {
				ALWAYS_SEARCH_USER_PATHS = NO;
				CLANG_ANALYZER_NONNULL = YES;
				CLANG_ANALYZER_NUMBER_OBJECT_CONVERSION = YES_AGGRESSIVE;
				CLANG_CXX_LANGUAGE_STANDARD = "gnu++14";
				CLANG_CXX_LIBRARY = "libc++";
				CLANG_ENABLE_MODULES = YES;
				CLANG_ENABLE_OBJC_ARC = YES;
				CLANG_ENABLE_OBJC_WEAK = YES;
				CLANG_WARN_BLOCK_CAPTURE_AUTORELEASING = YES;
				CLANG_WARN_BOOL_CONVERSION = YES;
				CLANG_WARN_COMMA = YES;
				CLANG_WARN_CONSTANT_CONVERSION = YES;
				CLANG_WARN_DEPRECATED_OBJC_IMPLEMENTATIONS = YES;
				CLANG_WARN_DIRECT_OBJC_ISA_USAGE = YES_ERROR;
				CLANG_WARN_DOCUMENTATION_COMMENTS = YES;
				CLANG_WARN_EMPTY_BODY = YES;
				CLANG_WARN_ENUM_CONVERSION = YES;
				CLANG_WARN_INFINITE_RECURSION = YES;
				CLANG_WARN_INT_CONVERSION = YES;
				CLANG_WARN_NON_LITERAL_NULL_CONVERSION = YES;
				CLANG_WARN_OBJC_IMPLICIT_RETAIN_SELF = YES;
				CLANG_WARN_OBJC_LITERAL_CONVERSION = YES;
				CLANG_WARN_OBJC_ROOT_CLASS = YES_ERROR;
				CLANG_WARN_QUOTED_INCLUDE_IN_FRAMEWORK_HEADER = YES;
				CLANG_WARN_RANGE_LOOP_ANALYSIS = YES;
				CLANG_WARN_STRICT_PROTOTYPES = YES;
				CLANG_WARN_SUSPICIOUS_MOVE = YES;
				CLANG_WARN_UNGUARDED_AVAILABILITY = YES_AGGRESSIVE;
				CLANG_WARN_UNREACHABLE_CODE = YES;
				CLANG_WARN__DUPLICATE_METHOD_MATCH = YES;
				COPY_PHASE_STRIP = NO;
				DEBUG_INFORMATION_FORMAT = "dwarf-with-dsym";
				ENABLE_NS_ASSERTIONS = NO;
				ENABLE_STRICT_OBJC_MSGSEND = YES;
				GCC_C_LANGUAGE_STANDARD = gnu11;
				GCC_NO_COMMON_BLOCKS = YES;
				GCC_WARN_64_TO_32_BIT_CONVERSION = YES;
				GCC_WARN_ABOUT_RETURN_TYPE = YES_ERROR;
				GCC_WARN_UNDECLARED_SELECTOR = YES;
				GCC_WARN_UNINITIALIZED_AUTOS = YES_AGGRESSIVE;
				GCC_WARN_UNUSED_FUNCTION = YES;
				GCC_WARN_UNUSED_VARIABLE = YES;
				MTL_ENABLE_DEBUG_INFO = NO;
				MTL_FAST_MATH = YES;
				PRODUCT_NAME = "$(TARGET_NAME)";
				SDKROOT = macosx;
				SWIFT_COMPILATION_MODE = wholemodule;
				SWIFT_OPTIMIZATION_LEVEL = "-O";
				SWIFT_VERSION = 5.0;
			};
			name = Release;
		};
		D8AC25E458A93A7625EA2C1E /* Release */ = {
			isa = XCBuildConfiguration;
			buildSettings = {
				ASSETCATALOG_COMPILER_APPICON_NAME = AppIcon;
				CODE_SIGN_IDENTITY = "-";
				COMBINE_HIDPI_IMAGES = YES;
				DEVELOPMENT_TEAM = "";
				ENABLE_HARDENED_RUNTIME = YES;
				GENERATE_INFOPLIST_FILE = YES;
				INFOPLIST_KEY_LSApplicationCategoryType = "public.app-category.developer-tools";
				INFOPLIST_KEY_NSHumanReadableCopyright = "© 2026 Antigravity";
				INFOPLIST_KEY_NSPrincipalClass = NSApplication;
				LD_RUNPATH_SEARCH_PATHS = (
					"$(inherited)",
					"@executable_path/../Frameworks",
				);
				MACOSX_DEPLOYMENT_TARGET = 14.0;
				MARKETING_VERSION = 1.1;
				PRODUCT_BUNDLE_IDENTIFIER = com.antigravity.AndroidMac;
				SDKROOT = macosx;
				SWIFT_VERSION = 5.0;
			};
			name = Release;
		};
/* End XCBuildConfiguration section */

/* Begin XCConfigurationList section */
		118DF4EFA8D88A5DFA0B6007 /* Build configuration list for PBXNativeTarget "AndroidMac" */ = {
			isa = XCConfigurationList;
			buildConfigurations = (
				9CB87FAFA7646B9CD11E1BCC /* Debug */,
				D8AC25E458A93A7625EA2C1E /* Release */,
			);
			defaultConfigurationIsVisible = 0;
			defaultConfigurationName = Debug;
		};
		BFB6668EA7ECF26CAF311157 /* Build configuration list for PBXProject "AndroidMac" */ = {
			isa = XCConfigurationList;
			buildConfigurations = (
				01EBD5DACD8A39AF7FBAA21B /* Debug */,
				D157FCABA1BCA00215A139C0 /* Release */,
			);
			defaultConfigurationIsVisible = 0;
			defaultConfigurationName = Debug;
		};
/* End XCConfigurationList section */
	};
	rootObject = 6E258B89CF0343445891C445 /* Project object */;
}
